
Microsoft Visual Studio Solution File, Format Version 12.00
# Visual Studio 15
VisualStudioVersion = 15.0.28010.2026
MinimumVisualStudioVersion = 10.0.40219.1
Project("{FAE04EC0-301F-11D3-BF4B-00C04F79EFBC}") = "DigitsRecognizer", "DigitsRecognizer\DigitsRecognizer.csproj", "{C2904616-51A1-49FA-B13F-8AD4833CCAF7}"
EndProject
Global
	GlobalSection(SolutionConfigurationPlatforms) = preSolution
		Debug|Any CPU = Debug|Any CPU
		Release|Any CPU = Release|Any CPU
	EndGlobalSection
	GlobalSection(ProjectConfigurationPlatforms) = postSolution
		{C2904616-51A1-49FA-B13F-8AD4833CCAF7}.Debug|Any CPU.ActiveCfg = Debug|Any CPU
		{C2904616-51A1-49FA-B13F-8AD4833CCAF7}.Debug|Any CPU.Build.0 = Debug|Any CPU
		{C2904616-51A1-49FA-B13F-8AD4833CCAF7}.Release|Any CPU.ActiveCfg = Release|Any CPU
		{C2904616-51A1-49FA-B13F-8AD4833CCAF7}.Release|Any CPU.Build.0 = Release|Any CPU
	EndGlobalSection
	GlobalSection(SolutionProperties) = preSolution
		HideSolutionNode = FALSE
	EndGlobalSection
	GlobalSection(ExtensibilityGlobals) = postSolution
		SolutionGuid = {B5274720-BD84-461E-B751-119C5D5DA837}
	EndGlobalSection
EndGlobal
